
Microsoft Visual Studio Solution File, Format Version 12.00
# Visual Studio Version 17
VisualStudioVersion = 17.11.35312.102
MinimumVisualStudioVersion = 10.0.40219.1
Project("{FAE04EC0-301F-11D3-BF4B-00C04F79EFBC}") = "New_System_DDD.API", "New_System_DDD.API\New_System_DDD.API.csproj", "{50BB6CE7-06DA-470A-94FE-EA583BBD1CDB}"
EndProject
Project("{FAE04EC0-301F-11D3-BF4B-00C04F79EFBC}") = "New_System_DDD.Domain", "New_System_DDD.Domain\New_System_DDD.Domain.csproj", "{ED1F54C3-787A-423E-9023-8F2BAD07BC63}"
EndProject
Project("{FAE04EC0-301F-11D3-BF4B-00C04F79EFBC}") = "New_System_DDD.Application", "New_System_DDD.Application\New_System_DDD.Application.csproj", "{F1B1AEE2-459C-4416-B6FA-DFDE45E509A1}"
EndProject
Project("{FAE04EC0-301F-11D3-BF4B-00C04F79EFBC}") = "New_System_DDD.Infrastructure", "New_System_DDD.Infrastructure\New_System_DDD.Infrastructure.csproj", "{B6F25E0F-4475-40C9-9E1A-B80FA9D283F3}"
EndProject
Project("{2150E333-8FDC-42A3-9474-1A3956D46DE8}") = "src", "src", "{B1C6EAD6-5060-4811-B883-2C6B50BE3121}"
EndProject
Global
	GlobalSection(SolutionConfigurationPlatforms) = preSolution
		Debug|Any CPU = Debug|Any CPU
		Release|Any CPU = Release|Any CPU
	EndGlobalSection
	GlobalSection(ProjectConfigurationPlatforms) = postSolution
		{50BB6CE7-06DA-470A-94FE-EA583BBD1CDB}.Debug|Any CPU.ActiveCfg = Debug|Any CPU
		{50BB6CE7-06DA-470A-94FE-EA583BBD1CDB}.Debug|Any CPU.Build.0 = Debug|Any CPU
		{50BB6CE7-06DA-470A-94FE-EA583BBD1CDB}.Release|Any CPU.ActiveCfg = Release|Any CPU
		{50BB6CE7-06DA-470A-94FE-EA583BBD1CDB}.Release|Any CPU.Build.0 = Release|Any CPU
		{ED1F54C3-787A-423E-9023-8F2BAD07BC63}.Debug|Any CPU.ActiveCfg = Debug|Any CPU
		{ED1F54C3-787A-423E-9023-8F2BAD07BC63}.Debug|Any CPU.Build.0 = Debug|Any CPU
		{ED1F54C3-787A-423E-9023-8F2BAD07BC63}.Release|Any CPU.ActiveCfg = Release|Any CPU
		{ED1F54C3-787A-423E-9023-8F2BAD07BC63}.Release|Any CPU.Build.0 = Release|Any CPU
		{F1B1AEE2-459C-4416-B6FA-DFDE45E509A1}.Debug|Any CPU.ActiveCfg = Debug|Any CPU
		{F1B1AEE2-459C-4416-B6FA-DFDE45E509A1}.Debug|Any CPU.Build.0 = Debug|Any CPU
		{F1B1AEE2-459C-4416-B6FA-DFDE45E509A1}.Release|Any CPU.ActiveCfg = Release|Any CPU
		{F1B1AEE2-459C-4416-B6FA-DFDE45E509A1}.Release|Any CPU.Build.0 = Release|Any CPU
		{B6F25E0F-4475-40C9-9E1A-B80FA9D283F3}.Debug|Any CPU.ActiveCfg = Debug|Any CPU
		{B6F25E0F-4475-40C9-9E1A-B80FA9D283F3}.Debug|Any CPU.Build.0 = Debug|Any CPU
		{B6F25E0F-4475-40C9-9E1A-B80FA9D283F3}.Release|Any CPU.ActiveCfg = Release|Any CPU
		{B6F25E0F-4475-40C9-9E1A-B80FA9D283F3}.Release|Any CPU.Build.0 = Release|Any CPU
	EndGlobalSection
	GlobalSection(SolutionProperties) = preSolution
		HideSolutionNode = FALSE
	EndGlobalSection
	GlobalSection(NestedProjects) = preSolution
		{50BB6CE7-06DA-470A-94FE-EA583BBD1CDB} = {B1C6EAD6-5060-4811-B883-2C6B50BE3121}
		{ED1F54C3-787A-423E-9023-8F2BAD07BC63} = {B1C6EAD6-5060-4811-B883-2C6B50BE3121}
		{F1B1AEE2-459C-4416-B6FA-DFDE45E509A1} = {B1C6EAD6-5060-4811-B883-2C6B50BE3121}
		{B6F25E0F-4475-40C9-9E1A-B80FA9D283F3} = {B1C6EAD6-5060-4811-B883-2C6B50BE3121}
	EndGlobalSection
	GlobalSection(ExtensibilityGlobals) = postSolution
		SolutionGuid = {F88252E7-31EB-444A-BD52-936ABABA4953}
	EndGlobalSection
EndGlobal
